// !$*UTF8*$!
{
	archiveVersion = 1;
	classes = {
	};
	objectVersion = 51;
	objects = {

/* Begin PBXBuildFile section */
		ED43B2A4260A835100F2EB99 /* AppDelegate.swift in Sources */ = {isa = PBXBuildFile; fileRef = ED43B2A3260A835100F2EB99 /* AppDelegate.swift */; };
		ED43B2A6260A835100F2EB99 /* SceneDelegate.swift in Sources */ = {isa = PBXBuildFile; fileRef = ED43B2A5260A835100F2EB99 /* SceneDelegate.swift */; };
		ED43B2A8260A835100F2EB99 /* WelcomeViewController.swift in Sources */ = {isa = PBXBuildFile; fileRef = ED43B2A7260A835100F2EB99 /* WelcomeViewController.swift */; };
		ED43B2AB260A835100F2EB99 /* Main.storyboard in Resources */ = {isa = PBXBuildFile; fileRef = ED43B2A9260A835100F2EB99 /* Main.storyboard */; };
		ED43B2AD260A835300F2EB99 /* Assets.xcassets in Resources */ = {isa = PBXBuildFile; fileRef = ED43B2AC260A835300F2EB99 /* Assets.xcassets */; };
		ED43B2B0260A835300F2EB99 /* LaunchScreen.storyboard in Resources */ = {isa = PBXBuildFile; fileRef = ED43B2AE260A835300F2EB99 /* LaunchScreen.storyboard */; };
		ED43B2BA260A86A600F2EB99 /* GoogleService-Info.plist in Resources */ = {isa = PBXBuildFile; fileRef = ED43B2B9260A86A600F2EB99 /* GoogleService-Info.plist */; };
		ED43B2D9260BAF5800F2EB99 /* RegisterViewController.swift in Sources */ = {isa = PBXBuildFile; fileRef = ED43B2D8260BAF5800F2EB99 /* RegisterViewController.swift */; };
		ED43B2DC260BAF6B00F2EB99 /* LoginViewController.swift in Sources */ = {isa = PBXBuildFile; fileRef = ED43B2DB260BAF6B00F2EB99 /* LoginViewController.swift */; };
		ED43B2DF260BAF7D00F2EB99 /* CharViewController.swift in Sources */ = {isa = PBXBuildFile; fileRef = ED43B2DE260BAF7D00F2EB99 /* CharViewController.swift */; };
		ED43B2E3260BC96900F2EB99 /* Colors.xcassets in Resources */ = {isa = PBXBuildFile; fileRef = ED43B2E2260BC96900F2EB99 /* Colors.xcassets */; };
		ED4D72870175961FA49C34F7 /* Pods_swift_firebase_chat.framework in Frameworks */ = {isa = PBXBuildFile; fileRef = 231A8CE11599C84DB63100F3 /* Pods_swift_firebase_chat.framework */; };
/* End PBXBuildFile section */

/* Begin PBXFileReference section */
		231A8CE11599C84DB63100F3 /* Pods_swift_firebase_chat.framework */ = {isa = PBXFileReference; explicitFileType = wrapper.framework; includeInIndex = 0; path = Pods_swift_firebase_chat.framework; sourceTree = BUILT_PRODUCTS_DIR; };
		DE9C18540FEB1DCE538A75BE /* Pods-swift-firebase-chat.release.xcconfig */ = {isa = PBXFileReference; includeInIndex = 1; lastKnownFileType = text.xcconfig; name = "Pods-swift-firebase-chat.release.xcconfig"; path = "Target Support Files/Pods-swift-firebase-chat/Pods-swift-firebase-chat.release.xcconfig"; sourceTree = "<group>"; };
		E635BA50398D3E1D398F9A7E /* Pods-swift-firebase-chat.debug.xcconfig */ = {isa = PBXFileReference; includeInIndex = 1; lastKnownFileType = text.xcconfig; name = "Pods-swift-firebase-chat.debug.xcconfig"; path = "Target Support Files/Pods-swift-firebase-chat/Pods-swift-firebase-chat.debug.xcconfig"; sourceTree = "<group>"; };
		ED43B2A0260A835100F2EB99 /* swift-firebase-chat.app */ = {isa = PBXFileReference; explicitFileType = wrapper.application; includeInIndex = 0; path = "swift-firebase-chat.app"; sourceTree = BUILT_PRODUCTS_DIR; };
		ED43B2A3260A835100F2EB99 /* AppDelegate.swift */ = {isa = PBXFileReference; lastKnownFileType = sourcecode.swift; path = AppDelegate.swift; sourceTree = "<group>"; };
		ED43B2A5260A835100F2EB99 /* SceneDelegate.swift */ = {isa = PBXFileReference; lastKnownFileType = sourcecode.swift; path = SceneDelegate.swift; sourceTree = "<group>"; };
		ED43B2A7260A835100F2EB99 /* WelcomeViewController.swift */ = {isa = PBXFileReference; lastKnownFileType = sourcecode.swift; path = WelcomeViewController.swift; sourceTree = "<group>"; };
		ED43B2AA260A835100F2EB99 /* Base */ = {isa = PBXFileReference; lastKnownFileType = file.storyboard; name = Base; path = Base.lproj/Main.storyboard; sourceTree = "<group>"; };
		ED43B2AC260A835300F2EB99 /* Assets.xcassets */ = {isa = PBXFileReference; lastKnownFileType = folder.assetcatalog; path = Assets.xcassets; sourceTree = "<group>"; };
		ED43B2AF260A835300F2EB99 /* Base */ = {isa = PBXFileReference; lastKnownFileType = file.storyboard; name = Base; path = Base.lproj/LaunchScreen.storyboard; sourceTree = "<group>"; };
		ED43B2B1260A835300F2EB99 /* Info.plist */ = {isa = PBXFileReference; lastKnownFileType = text.plist.xml; path = Info.plist; sourceTree = "<group>"; };
		ED43B2B9260A86A600F2EB99 /* GoogleService-Info.plist */ = {isa = PBXFileReference; fileEncoding = 4; lastKnownFileType = text.plist.xml; path = "GoogleService-Info.plist"; sourceTree = "<group>"; };
		ED43B2D8260BAF5800F2EB99 /* RegisterViewController.swift */ = {isa = PBXFileReference; lastKnownFileType = sourcecode.swift; path = RegisterViewController.swift; sourceTree = "<group>"; };
		ED43B2DB260BAF6B00F2EB99 /* LoginViewController.swift */ = {isa = PBXFileReference; lastKnownFileType = sourcecode.swift; path = LoginViewController.swift; sourceTree = "<group>"; };
		ED43B2DE260BAF7D00F2EB99 /* CharViewController.swift */ = {isa = PBXFileReference; lastKnownFileType = sourcecode.swift; path = CharViewController.swift; sourceTree = "<group>"; };
		ED43B2E2260BC96900F2EB99 /* Colors.xcassets */ = {isa = PBXFileReference; lastKnownFileType = folder.assetcatalog; path = Colors.xcassets; sourceTree = "<group>"; };
/* End PBXFileReference section */

/* Begin PBXFrameworksBuildPhase section */
		ED43B29D260A835100F2EB99 /* Frameworks */ = {
			isa = PBXFrameworksBuildPhase;
			buildActionMask = 2147483647;
			files = (
				ED4D72870175961FA49C34F7 /* Pods_swift_firebase_chat.framework in Frameworks */,
			);
			runOnlyForDeploymentPostprocessing = 0;
		};
/* End PBXFrameworksBuildPhase section */

/* Begin PBXGroup section */
		776D008192F0D095538DF694 /* Pods */ = {
			isa = PBXGroup;
			children = (
				E635BA50398D3E1D398F9A7E /* Pods-swift-firebase-chat.debug.xcconfig */,
				DE9C18540FEB1DCE538A75BE /* Pods-swift-firebase-chat.release.xcconfig */,
			);
			path = Pods;
			sourceTree = "<group>";
		};
		C062502AAF42C9D2419DF39F /* Frameworks */ = {
			isa = PBXGroup;
			children = (
				231A8CE11599C84DB63100F3 /* Pods_swift_firebase_chat.framework */,
			);
			name = Frameworks;
			sourceTree = "<group>";
		};
		ED43B297260A835100F2EB99 = {
			isa = PBXGroup;
			children = (
				ED43B2A2260A835100F2EB99 /* swift-firebase-chat */,
				ED43B2A1260A835100F2EB99 /* Products */,
				776D008192F0D095538DF694 /* Pods */,
				C062502AAF42C9D2419DF39F /* Frameworks */,
			);
			sourceTree = "<group>";
		};
		ED43B2A1260A835100F2EB99 /* Products */ = {
			isa = PBXGroup;
			children = (
				ED43B2A0260A835100F2EB99 /* swift-firebase-chat.app */,
			);
			name = Products;
			sourceTree = "<group>";
		};
		ED43B2A2260A835100F2EB99 /* swift-firebase-chat */ = {
			isa = PBXGroup;
			children = (
				ED43B2D6260BAE0D00F2EB99 /* Controllers */,
				ED43B2D5260BAE0200F2EB99 /* Views */,
				ED43B2A3260A835100F2EB99 /* AppDelegate.swift */,
				ED43B2A5260A835100F2EB99 /* SceneDelegate.swift */,
				ED43B2AC260A835300F2EB99 /* Assets.xcassets */,
				ED43B2E2260BC96900F2EB99 /* Colors.xcassets */,
				ED43B2AE260A835300F2EB99 /* LaunchScreen.storyboard */,
				ED43B2B1260A835300F2EB99 /* Info.plist */,
				ED43B2B9260A86A600F2EB99 /* GoogleService-Info.plist */,
			);
			path = "swift-firebase-chat";
			sourceTree = "<group>";
		};
		ED43B2D5260BAE0200F2EB99 /* Views */ = {
			isa = PBXGroup;
			children = (
				ED43B2A9260A835100F2EB99 /* Main.storyboard */,
			);
			path = Views;
			sourceTree = "<group>";
		};
		ED43B2D6260BAE0D00F2EB99 /* Controllers */ = {
			isa = PBXGroup;
			children = (
				ED43B2DE260BAF7D00F2EB99 /* CharViewController.swift */,
				ED43B2DB260BAF6B00F2EB99 /* LoginViewController.swift */,
				ED43B2D8260BAF5800F2EB99 /* RegisterViewController.swift */,
				ED43B2A7260A835100F2EB99 /* WelcomeViewController.swift */,
			);
			path = Controllers;
			sourceTree = "<group>";
		};
/* End PBXGroup section */

/* Begin PBXNativeTarget section */
		ED43B29F260A835100F2EB99 /* swift-firebase-chat */ = {
			isa = PBXNativeTarget;
			buildConfigurationList = ED43B2B4260A835300F2EB99 /* Build configuration list for PBXNativeTarget "swift-firebase-chat" */;
			buildPhases = (
				500E78E74CBFAC6127B49E82 /* [CP] Check Pods Manifest.lock */,
				ED43B29C260A835100F2EB99 /* Sources */,
				ED43B29D260A835100F2EB99 /* Frameworks */,
				ED43B29E260A835100F2EB99 /* Resources */,
				1E0A894B9CE94CAE10FA4EDA /* [CP] Embed Pods Frameworks */,
			);
			buildRules = (
			);
			dependencies = (
			);
			name = "swift-firebase-chat";
			productName = "swift-firebase-chat";
			productReference = ED43B2A0260A835100F2EB99 /* swift-firebase-chat.app */;
			productType = "com.apple.product-type.application";
		};
/* End PBXNativeTarget section */

/* Begin PBXProject section */
		ED43B298260A835100F2EB99 /* Project object */ = {
			isa = PBXProject;
			attributes = {
				LastSwiftUpdateCheck = 1240;
				LastUpgradeCheck = 1240;
				TargetAttributes = {
					ED43B29F260A835100F2EB99 = {
						CreatedOnToolsVersion = 12.4;
					};
				};
			};
			buildConfigurationList = ED43B29B260A835100F2EB99 /* Build configuration list for PBXProject "swift-firebase-chat" */;
			compatibilityVersion = "Xcode 9.3";
			developmentRegion = en;
			hasScannedForEncodings = 0;
			knownRegions = (
				en,
				Base,
			);
			mainGroup = ED43B297260A835100F2EB99;
			productRefGroup = ED43B2A1260A835100F2EB99 /* Products */;
			projectDirPath = "";
			projectRoot = "";
			targets = (
				ED43B29F260A835100F2EB99 /* swift-firebase-chat */,
			);
		};
/* End PBXProject section */

/* Begin PBXResourcesBuildPhase section */
		ED43B29E260A835100F2EB99 /* Resources */ = {
			isa = PBXResourcesBuildPhase;
			buildActionMask = 2147483647;
			files = (
				ED43B2E3260BC96900F2EB99 /* Colors.xcassets in Resources */,
				ED43B2BA260A86A600F2EB99 /* GoogleService-Info.plist in Resources */,
				ED43B2B0260A835300F2EB99 /* LaunchScreen.storyboard in Resources */,
				ED43B2AD260A835300F2EB99 /* Assets.xcassets in Resources */,
				ED43B2AB260A835100F2EB99 /* Main.storyboard in Resources */,
			);
			runOnlyForDeploymentPostprocessing = 0;
		};
/* End PBXResourcesBuildPhase section */

/* Begin PBXShellScriptBuildPhase section */
		1E0A894B9CE94CAE10FA4EDA /* [CP] Embed Pods Frameworks */ = {
			isa = PBXShellScriptBuildPhase;
			buildActionMask = 2147483647;
			files = (
			);
			inputFileListPaths = (
				"${PODS_ROOT}/Target Support Files/Pods-swift-firebase-chat/Pods-swift-firebase-chat-frameworks-${CONFIGURATION}-input-files.xcfilelist",
			);
			name = "[CP] Embed Pods Frameworks";
			outputFileListPaths = (
				"${PODS_ROOT}/Target Support Files/Pods-swift-firebase-chat/Pods-swift-firebase-chat-frameworks-${CONFIGURATION}-output-files.xcfilelist",
			);
			runOnlyForDeploymentPostprocessing = 0;
			shellPath = /bin/sh;
			shellScript = "\"${PODS_ROOT}/Target Support Files/Pods-swift-firebase-chat/Pods-swift-firebase-chat-frameworks.sh\"\n";
			showEnvVarsInLog = 0;
		};
		500E78E74CBFAC6127B49E82 /* [CP] Check Pods Manifest.lock */ = {
			isa = PBXShellScriptBuildPhase;
			buildActionMask = 2147483647;
			files = (
			);
			inputFileListPaths = (
			);
			inputPaths = (
				"${PODS_PODFILE_DIR_PATH}/Podfile.lock",
				"${PODS_ROOT}/Manifest.lock",
			);
			name = "[CP] Check Pods Manifest.lock";
			outputFileListPaths = (
			);
			outputPaths = (
				"$(DERIVED_FILE_DIR)/Pods-swift-firebase-chat-checkManifestLockResult.txt",
			);
			runOnlyForDeploymentPostprocessing = 0;
			shellPath = /bin/sh;
			shellScript = "diff \"${PODS_PODFILE_DIR_PATH}/Podfile.lock\" \"${PODS_ROOT}/Manifest.lock\" > /dev/null\nif [ $? != 0 ] ; then\n    # print error to STDERR\n    echo \"error: The sandbox is not in sync with the Podfile.lock. Run 'pod install' or update your CocoaPods installation.\" >&2\n    exit 1\nfi\n# This output is used by Xcode 'outputs' to avoid re-running this script phase.\necho \"SUCCESS\" > \"${SCRIPT_OUTPUT_FILE_0}\"\n";
			showEnvVarsInLog = 0;
		};
/* End PBXShellScriptBuildPhase section */

/* Begin PBXSourcesBuildPhase section */
		ED43B29C260A835100F2EB99 /* Sources */ = {
			isa = PBXSourcesBuildPhase;
			buildActionMask = 2147483647;
			files = (
				ED43B2A8260A835100F2EB99 /* WelcomeViewController.swift in Sources */,
				ED43B2A4260A835100F2EB99 /* AppDelegate.swift in Sources */,
				ED43B2A6260A835100F2EB99 /* SceneDelegate.swift in Sources */,
				ED43B2DC260BAF6B00F2EB99 /* LoginViewController.swift in Sources */,
				ED43B2DF260BAF7D00F2EB99 /* CharViewController.swift in Sources */,
				ED43B2D9260BAF5800F2EB99 /* RegisterViewController.swift in Sources */,
			);
			runOnlyForDeploymentPostprocessing = 0;
		};
/* End PBXSourcesBuildPhase section */

/* Begin PBXVariantGroup section */
		ED43B2A9260A835100F2EB99 /* Main.storyboard */ = {
			isa = PBXVariantGroup;
			children = (
				ED43B2AA260A835100F2EB99 /* Base */,
			);
			name = Main.storyboard;
			sourceTree = "<group>";
		};
		ED43B2AE260A835300F2EB99 /* LaunchScreen.storyboard */ = {
			isa = PBXVariantGroup;
			children = (
				ED43B2AF260A835300F2EB99 /* Base */,
			);
			name = LaunchScreen.storyboard;
			sourceTree = "<group>";
		};
/* End PBXVariantGroup section */

/* Begin XCBuildConfiguration section */
		ED43B2B2260A835300F2EB99 /* Debug */ = {
			isa = XCBuildConfiguration;
			buildSettings = {
				ALWAYS_SEARCH_USER_PATHS = NO;
				CLANG_ANALYZER_NONNULL = YES;
				CLANG_ANALYZER_NUMBER_OBJECT_CONVERSION = YES_AGGRESSIVE;
				CLANG_CXX_LANGUAGE_STANDARD = "gnu++14";
				CLANG_CXX_LIBRARY = "libc++";
				CLANG_ENABLE_MODULES = YES;
				CLANG_ENABLE_OBJC_ARC = YES;
				CLANG_ENABLE_OBJC_WEAK = YES;
				CLANG_WARN_BLOCK_CAPTURE_AUTORELEASING = YES;
				CLANG_WARN_BOOL_CONVERSION = YES;
				CLANG_WARN_COMMA = YES;
				CLANG_WARN_CONSTANT_CONVERSION = YES;
				CLANG_WARN_DEPRECATED_OBJC_IMPLEMENTATIONS = YES;
				CLANG_WARN_DIRECT_OBJC_ISA_USAGE = YES_ERROR;
				CLANG_WARN_DOCUMENTATION_COMMENTS = YES;
				CLANG_WARN_EMPTY_BODY = YES;
				CLANG_WARN_ENUM_CONVERSION = YES;
				CLANG_WARN_INFINITE_RECURSION = YES;
				CLANG_WARN_INT_CONVERSION = YES;
				CLANG_WARN_NON_LITERAL_NULL_CONVERSION = YES;
				CLANG_WARN_OBJC_IMPLICIT_RETAIN_SELF = YES;
				CLANG_WARN_OBJC_LITERAL_CONVERSION = YES;
				CLANG_WARN_OBJC_ROOT_CLASS = YES_ERROR;
				CLANG_WARN_QUOTED_INCLUDE_IN_FRAMEWORK_HEADER = YES;
				CLANG_WARN_RANGE_LOOP_ANALYSIS = YES;
				CLANG_WARN_STRICT_PROTOTYPES = YES;
				CLANG_WARN_SUSPICIOUS_MOVE = YES;
				CLANG_WARN_UNGUARDED_AVAILABILITY = YES_AGGRESSIVE;
				CLANG_WARN_UNREACHABLE_CODE = YES;
				CLANG_WARN__DUPLICATE_METHOD_MATCH = YES;
				COPY_PHASE_STRIP = NO;
				DEBUG_INFORMATION_FORMAT = dwarf;
				ENABLE_STRICT_OBJC_MSGSEND = YES;
				ENABLE_TESTABILITY = YES;
				GCC_C_LANGUAGE_STANDARD = gnu11;
				GCC_DYNAMIC_NO_PIC = NO;
				GCC_NO_COMMON_BLOCKS = YES;
				GCC_OPTIMIZATION_LEVEL = 0;
				GCC_PREPROCESSOR_DEFINITIONS = (
					"DEBUG=1",
					"$(inherited)",
				);
				GCC_WARN_64_TO_32_BIT_CONVERSION = YES;
				GCC_WARN_ABOUT_RETURN_TYPE = YES_ERROR;
				GCC_WARN_UNDECLARED_SELECTOR = YES;
				GCC_WARN_UNINITIALIZED_AUTOS = YES_AGGRESSIVE;
				GCC_WARN_UNUSED_FUNCTION = YES;
				GCC_WARN_UNUSED_VARIABLE = YES;
				IPHONEOS_DEPLOYMENT_TARGET = 14.4;
				MTL_ENABLE_DEBUG_INFO = INCLUDE_SOURCE;
				MTL_FAST_MATH = YES;
				ONLY_ACTIVE_ARCH = YES;
				SDKROOT = iphoneos;
				SWIFT_ACTIVE_COMPILATION_CONDITIONS = DEBUG;
				SWIFT_OPTIMIZATION_LEVEL = "-Onone";
			};
			name = Debug;
		};
		ED43B2B3260A835300F2EB99 /* Release */ = {
			isa = XCBuildConfiguration;
			buildSettings = {
				ALWAYS_SEARCH_USER_PATHS = NO;
				CLANG_ANALYZER_NONNULL = YES;
				CLANG_ANALYZER_NUMBER_OBJECT_CONVERSION = YES_AGGRESSIVE;
				CLANG_CXX_LANGUAGE_STANDARD = "gnu++14";
				CLANG_CXX_LIBRARY = "libc++";
				CLANG_ENABLE_MODULES = YES;
				CLANG_ENABLE_OBJC_ARC = YES;
				CLANG_ENABLE_OBJC_WEAK = YES;
				CLANG_WARN_BLOCK_CAPTURE_AUTORELEASING = YES;
				CLANG_WARN_BOOL_CONVERSION = YES;
				CLANG_WARN_COMMA = YES;
				CLANG_WARN_CONSTANT_CONVERSION = YES;
				CLANG_WARN_DEPRECATED_OBJC_IMPLEMENTATIONS = YES;
				CLANG_WARN_DIRECT_OBJC_ISA_USAGE = YES_ERROR;
				CLANG_WARN_DOCUMENTATION_COMMENTS = YES;
				CLANG_WARN_EMPTY_BODY = YES;
				CLANG_WARN_ENUM_CONVERSION = YES;
				CLANG_WARN_INFINITE_RECURSION = YES;
				CLANG_WARN_INT_CONVERSION = YES;
				CLANG_WARN_NON_LITERAL_NULL_CONVERSION = YES;
				CLANG_WARN_OBJC_IMPLICIT_RETAIN_SELF = YES;
				CLANG_WARN_OBJC_LITERAL_CONVERSION = YES;
				CLANG_WARN_OBJC_ROOT_CLASS = YES_ERROR;
				CLANG_WARN_QUOTED_INCLUDE_IN_FRAMEWORK_HEADER = YES;
				CLANG_WARN_RANGE_LOOP_ANALYSIS = YES;
				CLANG_WARN_STRICT_PROTOTYPES = YES;
				CLANG_WARN_SUSPICIOUS_MOVE = YES;
				CLANG_WARN_UNGUARDED_AVAILABILITY = YES_AGGRESSIVE;
				CLANG_WARN_UNREACHABLE_CODE = YES;
				CLANG_WARN__DUPLICATE_METHOD_MATCH = YES;
				COPY_PHASE_STRIP = NO;
				DEBUG_INFORMATION_FORMAT = "dwarf-with-dsym";
				ENABLE_NS_ASSERTIONS = NO;
				ENABLE_STRICT_OBJC_MSGSEND = YES;
				GCC_C_LANGUAGE_STANDARD = gnu11;
				GCC_NO_COMMON_BLOCKS = YES;
				GCC_WARN_64_TO_32_BIT_CONVERSION = YES;
				GCC_WARN_ABOUT_RETURN_TYPE = YES_ERROR;
				GCC_WARN_UNDECLARED_SELECTOR = YES;
				GCC_WARN_UNINITIALIZED_AUTOS = YES_AGGRESSIVE;
				GCC_WARN_UNUSED_FUNCTION = YES;
				GCC_WARN_UNUSED_VARIABLE = YES;
				IPHONEOS_DEPLOYMENT_TARGET = 14.4;
				MTL_ENABLE_DEBUG_INFO = NO;
				MTL_FAST_MATH = YES;
				SDKROOT = iphoneos;
				SWIFT_COMPILATION_MODE = wholemodule;
				SWIFT_OPTIMIZATION_LEVEL = "-O";
				VALIDATE_PRODUCT = YES;
			};
			name = Release;
		};
		ED43B2B5260A835300F2EB99 /* Debug */ = {
			isa = XCBuildConfiguration;
			baseConfigurationReference = E635BA50398D3E1D398F9A7E /* Pods-swift-firebase-chat.debug.xcconfig */;
			buildSettings = {
				ASSETCATALOG_COMPILER_APPICON_NAME = AppIcon;
				ASSETCATALOG_COMPILER_GLOBAL_ACCENT_COLOR_NAME = AccentColor;
				CODE_SIGN_STYLE = Automatic;
				DEVELOPMENT_TEAM = 9X3MVJZRD6;
				INFOPLIST_FILE = "swift-firebase-chat/Info.plist";
				LD_RUNPATH_SEARCH_PATHS = (
					"$(inherited)",
					"@executable_path/Frameworks",
				);
				PRODUCT_BUNDLE_IDENTIFIER = "com.serasmi.swift-firebase-chat";
				PRODUCT_NAME = "$(TARGET_NAME)";
				SWIFT_VERSION = 5.0;
				TARGETED_DEVICE_FAMILY = "1,2";
			};
			name = Debug;
		};
		ED43B2B6260A835300F2EB99 /* Release */ = {
			isa = XCBuildConfiguration;
			baseConfigurationReference = DE9C18540FEB1DCE538A75BE /* Pods-swift-firebase-chat.release.xcconfig */;
			buildSettings = {
				ASSETCATALOG_COMPILER_APPICON_NAME = AppIcon;
				ASSETCATALOG_COMPILER_GLOBAL_ACCENT_COLOR_NAME = AccentColor;
				CODE_SIGN_STYLE = Automatic;
				DEVELOPMENT_TEAM = 9X3MVJZRD6;
				INFOPLIST_FILE = "swift-firebase-chat/Info.plist";
				LD_RUNPATH_SEARCH_PATHS = (
					"$(inherited)",
					"@executable_path/Frameworks",
				);
				PRODUCT_BUNDLE_IDENTIFIER = "com.serasmi.swift-firebase-chat";
				PRODUCT_NAME = "$(TARGET_NAME)";
				SWIFT_VERSION = 5.0;
				TARGETED_DEVICE_FAMILY = "1,2";
			};
			name = Release;
		};
/* End XCBuildConfiguration section */

/* Begin XCConfigurationList section */
		ED43B29B260A835100F2EB99 /* Build configuration list for PBXProject "swift-firebase-chat" */ = {
			isa = XCConfigurationList;
			buildConfigurations = (
				ED43B2B2260A835300F2EB99 /* Debug */,
				ED43B2B3260A835300F2EB99 /* Release */,
			);
			defaultConfigurationIsVisible = 0;
			defaultConfigurationName = Release;
		};
		ED43B2B4260A835300F2EB99 /* Build configuration list for PBXNativeTarget "swift-firebase-chat" */ = {
			isa = XCConfigurationList;
			buildConfigurations = (
				ED43B2B5260A835300F2EB99 /* Debug */,
				ED43B2B6260A835300F2EB99 /* Release */,
			);
			defaultConfigurationIsVisible = 0;
			defaultConfigurationName = Release;
		};
/* End XCConfigurationList section */
	};
	rootObject = ED43B298260A835100F2EB99 /* Project object */;
}
